
Microsoft Visual Studio Solution File, Format Version 12.00
# Visual Studio Version 16
VisualStudioVersion = 16.0.34031.81
MinimumVisualStudioVersion = 10.0.40219.1
Project("{2150E333-8FDC-42A3-9474-1A3956D46DE8}") = "Task0", "Task0", "{D4B9BB51-99C8-4FA4-A6CE-FEAAFC576423}"
EndProject
Project("{FAE04EC0-301F-11D3-BF4B-00C04F79EFBC}") = "Tyuiu.VolodinaAA.Sprint1.Task0.V16", "Tyuiu.VolodinaAA.Sprint1.Task0.V16\Tyuiu.VolodinaAA.Sprint1.Task0.V16.csproj", "{65410FF2-07F4-407C-BF8D-653E6DEB7A33}"
EndProject
Project("{FAE04EC0-301F-11D3-BF4B-00C04F79EFBC}") = "Tyuiu.VolodinaAA.Sprint1.Task0.V16.Lib", "Tyuiu.VolodinaAA.Sprint1.Task0.V16.Lib\Tyuiu.VolodinaAA.Sprint1.Task0.V16.Lib.csproj", "{414FF33A-AC7E-4F48-92AA-B1FA9FB0D1CA}"
EndProject
Project("{FAE04EC0-301F-11D3-BF4B-00C04F79EFBC}") = "Tyuiu.VolodinaAA.Sprint1.Task0.V16.Test", "Tyuiu.VolodinaAA.Sprint1.Task0.V16.Test\Tyuiu.VolodinaAA.Sprint1.Task0.V16.Test.csproj", "{917C7A80-8EFD-48F1-9028-00EF6F0FB763}"
EndProject
Global
	GlobalSection(SolutionConfigurationPlatforms) = preSolution
		Debug|Any CPU = Debug|Any CPU
		Release|Any CPU = Release|Any CPU
	EndGlobalSection
	GlobalSection(ProjectConfigurationPlatforms) = postSolution
		{65410FF2-07F4-407C-BF8D-653E6DEB7A33}.Debug|Any CPU.ActiveCfg = Debug|Any CPU
		{65410FF2-07F4-407C-BF8D-653E6DEB7A33}.Debug|Any CPU.Build.0 = Debug|Any CPU
		{65410FF2-07F4-407C-BF8D-653E6DEB7A33}.Release|Any CPU.ActiveCfg = Release|Any CPU
		{65410FF2-07F4-407C-BF8D-653E6DEB7A33}.Release|Any CPU.Build.0 = Release|Any CPU
		{414FF33A-AC7E-4F48-92AA-B1FA9FB0D1CA}.Debug|Any CPU.ActiveCfg = Debug|Any CPU
		{414FF33A-AC7E-4F48-92AA-B1FA9FB0D1CA}.Debug|Any CPU.Build.0 = Debug|Any CPU
		{414FF33A-AC7E-4F48-92AA-B1FA9FB0D1CA}.Release|Any CPU.ActiveCfg = Release|Any CPU
		{414FF33A-AC7E-4F48-92AA-B1FA9FB0D1CA}.Release|Any CPU.Build.0 = Release|Any CPU
		{917C7A80-8EFD-48F1-9028-00EF6F0FB763}.Debug|Any CPU.ActiveCfg = Debug|Any CPU
		{917C7A80-8EFD-48F1-9028-00EF6F0FB763}.Debug|Any CPU.Build.0 = Debug|Any CPU
		{917C7A80-8EFD-48F1-9028-00EF6F0FB763}.Release|Any CPU.ActiveCfg = Release|Any CPU
		{917C7A80-8EFD-48F1-9028-00EF6F0FB763}.Release|Any CPU.Build.0 = Release|Any CPU
	EndGlobalSection
	GlobalSection(SolutionProperties) = preSolution
		HideSolutionNode = FALSE
	EndGlobalSection
	GlobalSection(NestedProjects) = preSolution
		{65410FF2-07F4-407C-BF8D-653E6DEB7A33} = {D4B9BB51-99C8-4FA4-A6CE-FEAAFC576423}
		{414FF33A-AC7E-4F48-92AA-B1FA9FB0D1CA} = {D4B9BB51-99C8-4FA4-A6CE-FEAAFC576423}
		{917C7A80-8EFD-48F1-9028-00EF6F0FB763} = {D4B9BB51-99C8-4FA4-A6CE-FEAAFC576423}
	EndGlobalSection
	GlobalSection(ExtensibilityGlobals) = postSolution
		SolutionGuid = {8F580409-4142-4168-9522-F49A946940A0}
	EndGlobalSection
EndGlobal
